<Solution>
  <Folder Name="/Solution Items/">
    <File Path=".editorconfig" />
  </Folder>
  <Project Path="AppDocs/AppDocs.csproj" Id="b2fb251c-cfd5-4be4-8f48-b663c570c0ee" />
  <Project Path="WebApp4.Application/WebApp4.Application.csproj" Id="78553dbe-10fb-4d21-81e2-7d85cd417153" />
  <Project Path="WebApp4.Shared/WebApp4.Shared.csproj" Id="8d3f0204-f228-4a23-9210-7f39de7b29b0" />
  <Project Path="WebApp4/WebApp4.csproj" />
</Solution>
